// !$*UTF8*$!
{
	archiveVersion = 1;
	classes = {
	};
	objectVersion = 77;
	objects = {

/* Begin PBXContainerItemProxy section */
		CE8BB26D2D5AAFA800CEEE18 /* PBXContainerItemProxy */ = {
			isa = PBXContainerItemProxy;
			containerPortal = CE8BB2542D5AAFA600CEEE18 /* Project object */;
			proxyType = 1;
			remoteGlobalIDString = CE8BB25B2D5AAFA600CEEE18;
			remoteInfo = TicTacToe_v2;
		};
		CE8BB2772D5AAFA800CEEE18 /* PBXContainerItemProxy */ = {
			isa = PBXContainerItemProxy;
			containerPortal = CE8BB2542D5AAFA600CEEE18 /* Project object */;
			proxyType = 1;
			remoteGlobalIDString = CE8BB25B2D5AAFA600CEEE18;
			remoteInfo = TicTacToe_v2;
		};
/* End PBXContainerItemProxy section */

/* Begin PBXFileReference section */
		CE8BB25C2D5AAFA600CEEE18 /* TicTacToe_v2.app */ = {isa = PBXFileReference; explicitFileType = wrapper.application; includeInIndex = 0; path = TicTacToe_v2.app; sourceTree = BUILT_PRODUCTS_DIR; };
		CE8BB26C2D5AAFA800CEEE18 /* TicTacToe_v2Tests.xctest */ = {isa = PBXFileReference; explicitFileType = wrapper.cfbundle; includeInIndex = 0; path = TicTacToe_v2Tests.xctest; sourceTree = BUILT_PRODUCTS_DIR; };
		CE8BB2762D5AAFA800CEEE18 /* TicTacToe_v2UITests.xctest */ = {isa = PBXFileReference; explicitFileType = wrapper.cfbundle; includeInIndex = 0; path = TicTacToe_v2UITests.xctest; sourceTree = BUILT_PRODUCTS_DIR; };
/* End PBXFileReference section */

/* Begin PBXFileSystemSynchronizedRootGroup section */
		CE8BB25E2D5AAFA600CEEE18 /* TicTacToe_v2 */ = {
			isa = PBXFileSystemSynchronizedRootGroup;
			path = TicTacToe_v2;
			sourceTree = "<group>";
		};
		CE8BB26F2D5AAFA800CEEE18 /* TicTacToe_v2Tests */ = {
			isa = PBXFileSystemSynchronizedRootGroup;
			path = TicTacToe_v2Tests;
			sourceTree = "<group>";
		};
		CE8BB2792D5AAFA800CEEE18 /* TicTacToe_v2UITests */ = {
			isa = PBXFileSystemSynchronizedRootGroup;
			path = TicTacToe_v2UITests;
			sourceTree = "<group>";
		};
/* End PBXFileSystemSynchronizedRootGroup section */

/* Begin PBXFrameworksBuildPhase section */
		CE8BB2592D5AAFA600CEEE18 /* Frameworks */ = {
			isa = PBXFrameworksBuildPhase;
			buildActionMask = 2147483647;
			files = (
			);
			runOnlyForDeploymentPostprocessing = 0;
		};
		CE8BB2692D5AAFA800CEEE18 /* Frameworks */ = {
			isa = PBXFrameworksBuildPhase;
			buildActionMask = 2147483647;
			files = (
			);
			runOnlyForDeploymentPostprocessing = 0;
		};
		CE8BB2732D5AAFA800CEEE18 /* Frameworks */ = {
			isa = PBXFrameworksBuildPhase;
			buildActionMask = 2147483647;
			files = (
			);
			runOnlyForDeploymentPostprocessing = 0;
		};
/* End PBXFrameworksBuildPhase section */

/* Begin PBXGroup section */
		CE8BB2532D5AAFA600CEEE18 = {
			isa = PBXGroup;
			children = (
				CE8BB25E2D5AAFA600CEEE18 /* TicTacToe_v2 */,
				CE8BB26F2D5AAFA800CEEE18 /* TicTacToe_v2Tests */,
				CE8BB2792D5AAFA800CEEE18 /* TicTacToe_v2UITests */,
				CE8BB25D2D5AAFA600CEEE18 /* Products */,
			);
			sourceTree = "<group>";
		};
		CE8BB25D2D5AAFA600CEEE18 /* Products */ = {
			isa = PBXGroup;
			children = (
				CE8BB25C2D5AAFA600CEEE18 /* TicTacToe_v2.app */,
				CE8BB26C2D5AAFA800CEEE18 /* TicTacToe_v2Tests.xctest */,
				CE8BB2762D5AAFA800CEEE18 /* TicTacToe_v2UITests.xctest */,
			);
			name = Products;
			sourceTree = "<group>";
		};
/* End PBXGroup section */

/* Begin PBXNativeTarget section */
		CE8BB25B2D5AAFA600CEEE18 /* TicTacToe_v2 */ = {
			isa = PBXNativeTarget;
			buildConfigurationList = CE8BB2802D5AAFA800CEEE18 /* Build configuration list for PBXNativeTarget "TicTacToe_v2" */;
			buildPhases = (
				CE8BB2582D5AAFA600CEEE18 /* Sources */,
				CE8BB2592D5AAFA600CEEE18 /* Frameworks */,
				CE8BB25A2D5AAFA600CEEE18 /* Resources */,
			);
			buildRules = (
			);
			dependencies = (
			);
			fileSystemSynchronizedGroups = (
				CE8BB25E2D5AAFA600CEEE18 /* TicTacToe_v2 */,
			);
			name = TicTacToe_v2;
			packageProductDependencies = (
			);
			productName = TicTacToe_v2;
			productReference = CE8BB25C2D5AAFA600CEEE18 /* TicTacToe_v2.app */;
			productType = "com.apple.product-type.application";
		};
		CE8BB26B2D5AAFA800CEEE18 /* TicTacToe_v2Tests */ = {
			isa = PBXNativeTarget;
			buildConfigurationList = CE8BB2832D5AAFA800CEEE18 /* Build configuration list for PBXNativeTarget "TicTacToe_v2Tests" */;
			buildPhases = (
				CE8BB2682D5AAFA800CEEE18 /* Sources */,
				CE8BB2692D5AAFA800CEEE18 /* Frameworks */,
				CE8BB26A2D5AAFA800CEEE18 /* Resources */,
			);
			buildRules = (
			);
			dependencies = (
				CE8BB26E2D5AAFA800CEEE18 /* PBXTargetDependency */,
			);
			fileSystemSynchronizedGroups = (
				CE8BB26F2D5AAFA800CEEE18 /* TicTacToe_v2Tests */,
			);
			name = TicTacToe_v2Tests;
			packageProductDependencies = (
			);
			productName = TicTacToe_v2Tests;
			productReference = CE8BB26C2D5AAFA800CEEE18 /* TicTacToe_v2Tests.xctest */;
			productType = "com.apple.product-type.bundle.unit-test";
		};
		CE8BB2752D5AAFA800CEEE18 /* TicTacToe_v2UITests */ = {
			isa = PBXNativeTarget;
			buildConfigurationList = CE8BB2862D5AAFA800CEEE18 /* Build configuration list for PBXNativeTarget "TicTacToe_v2UITests" */;
			buildPhases = (
				CE8BB2722D5AAFA800CEEE18 /* Sources */,
				CE8BB2732D5AAFA800CEEE18 /* Frameworks */,
				CE8BB2742D5AAFA800CEEE18 /* Resources */,
			);
			buildRules = (
			);
			dependencies = (
				CE8BB2782D5AAFA800CEEE18 /* PBXTargetDependency */,
			);
			fileSystemSynchronizedGroups = (
				CE8BB2792D5AAFA800CEEE18 /* TicTacToe_v2UITests */,
			);
			name = TicTacToe_v2UITests;
			packageProductDependencies = (
			);
			productName = TicTacToe_v2UITests;
			productReference = CE8BB2762D5AAFA800CEEE18 /* TicTacToe_v2UITests.xctest */;
			productType = "com.apple.product-type.bundle.ui-testing";
		};
/* End PBXNativeTarget section */

/* Begin PBXProject section */
		CE8BB2542D5AAFA600CEEE18 /* Project object */ = {
			isa = PBXProject;
			attributes = {
				BuildIndependentTargetsInParallel = 1;
				LastSwiftUpdateCheck = 1620;
				LastUpgradeCheck = 1620;
				TargetAttributes = {
					CE8BB25B2D5AAFA600CEEE18 = {
						CreatedOnToolsVersion = 16.2;
					};
					CE8BB26B2D5AAFA800CEEE18 = {
						CreatedOnToolsVersion = 16.2;
						TestTargetID = CE8BB25B2D5AAFA600CEEE18;
					};
					CE8BB2752D5AAFA800CEEE18 = {
						CreatedOnToolsVersion = 16.2;
						TestTargetID = CE8BB25B2D5AAFA600CEEE18;
					};
				};
			};
			buildConfigurationList = CE8BB2572D5AAFA600CEEE18 /* Build configuration list for PBXProject "TicTacToe_v2" */;
			developmentRegion = en;
			hasScannedForEncodings = 0;
			knownRegions = (
				en,
				Base,
			);
			mainGroup = CE8BB2532D5AAFA600CEEE18;
			minimizedProjectReferenceProxies = 1;
			preferredProjectObjectVersion = 77;
			productRefGroup = CE8BB25D2D5AAFA600CEEE18 /* Products */;
			projectDirPath = "";
			projectRoot = "";
			targets = (
				CE8BB25B2D5AAFA600CEEE18 /* TicTacToe_v2 */,
				CE8BB26B2D5AAFA800CEEE18 /* TicTacToe_v2Tests */,
				CE8BB2752D5AAFA800CEEE18 /* TicTacToe_v2UITests */,
			);
		};
/* End PBXProject section */

/* Begin PBXResourcesBuildPhase section */
		CE8BB25A2D5AAFA600CEEE18 /* Resources */ = {
			isa = PBXResourcesBuildPhase;
			buildActionMask = 2147483647;
			files = (
			);
			runOnlyForDeploymentPostprocessing = 0;
		};
		CE8BB26A2D5AAFA800CEEE18 /* Resources */ = {
			isa = PBXResourcesBuildPhase;
			buildActionMask = 2147483647;
			files = (
			);
			runOnlyForDeploymentPostprocessing = 0;
		};
		CE8BB2742D5AAFA800CEEE18 /* Resources */ = {
			isa = PBXResourcesBuildPhase;
			buildActionMask = 2147483647;
			files = (
			);
			runOnlyForDeploymentPostprocessing = 0;
		};
/* End PBXResourcesBuildPhase section */

/* Begin PBXSourcesBuildPhase section */
		CE8BB2582D5AAFA600CEEE18 /* Sources */ = {
			isa = PBXSourcesBuildPhase;
			buildActionMask = 2147483647;
			files = (
			);
			runOnlyForDeploymentPostprocessing = 0;
		};
		CE8BB2682D5AAFA800CEEE18 /* Sources */ = {
			isa = PBXSourcesBuildPhase;
			buildActionMask = 2147483647;
			files = (
			);
			runOnlyForDeploymentPostprocessing = 0;
		};
		CE8BB2722D5AAFA800CEEE18 /* Sources */ = {
			isa = PBXSourcesBuildPhase;
			buildActionMask = 2147483647;
			files = (
			);
			runOnlyForDeploymentPostprocessing = 0;
		};
/* End PBXSourcesBuildPhase section */

/* Begin PBXTargetDependency section */
		CE8BB26E2D5AAFA800CEEE18 /* PBXTargetDependency */ = {
			isa = PBXTargetDependency;
			target = CE8BB25B2D5AAFA600CEEE18 /* TicTacToe_v2 */;
			targetProxy = CE8BB26D2D5AAFA800CEEE18 /* PBXContainerItemProxy */;
		};
		CE8BB2782D5AAFA800CEEE18 /* PBXTargetDependency */ = {
			isa = PBXTargetDependency;
			target = CE8BB25B2D5AAFA600CEEE18 /* TicTacToe_v2 */;
			targetProxy = CE8BB2772D5AAFA800CEEE18 /* PBXContainerItemProxy */;
		};
/* End PBXTargetDependency section */

/* Begin XCBuildConfiguration section */
		CE8BB27E2D5AAFA800CEEE18 /* Debug */ = {
			isa = XCBuildConfiguration;
			buildSettings = {
				ALWAYS_SEARCH_USER_PATHS = NO;
				ASSETCATALOG_COMPILER_GENERATE_SWIFT_ASSET_SYMBOL_EXTENSIONS = YES;
				CLANG_ANALYZER_NONNULL = YES;
				CLANG_ANALYZER_NUMBER_OBJECT_CONVERSION = YES_AGGRESSIVE;
				CLANG_CXX_LANGUAGE_STANDARD = "gnu++20";
				CLANG_ENABLE_MODULES = YES;
				CLANG_ENABLE_OBJC_ARC = YES;
				CLANG_ENABLE_OBJC_WEAK = YES;
				CLANG_WARN_BLOCK_CAPTURE_AUTORELEASING = YES;
				CLANG_WARN_BOOL_CONVERSION = YES;
				CLANG_WARN_COMMA = YES;
				CLANG_WARN_CONSTANT_CONVERSION = YES;
				CLANG_WARN_DEPRECATED_OBJC_IMPLEMENTATIONS = YES;
				CLANG_WARN_DIRECT_OBJC_ISA_USAGE = YES_ERROR;
				CLANG_WARN_DOCUMENTATION_COMMENTS = YES;
				CLANG_WARN_EMPTY_BODY = YES;
				CLANG_WARN_ENUM_CONVERSION = YES;
				CLANG_WARN_INFINITE_RECURSION = YES;
				CLANG_WARN_INT_CONVERSION = YES;
				CLANG_WARN_NON_LITERAL_NULL_CONVERSION = YES;
				CLANG_WARN_OBJC_IMPLICIT_RETAIN_SELF = YES;
				CLANG_WARN_OBJC_LITERAL_CONVERSION = YES;
				CLANG_WARN_OBJC_ROOT_CLASS = YES_ERROR;
				CLANG_WARN_QUOTED_INCLUDE_IN_FRAMEWORK_HEADER = YES;
				CLANG_WARN_RANGE_LOOP_ANALYSIS = YES;
				CLANG_WARN_STRICT_PROTOTYPES = YES;
				CLANG_WARN_SUSPICIOUS_MOVE = YES;
				CLANG_WARN_UNGUARDED_AVAILABILITY = YES_AGGRESSIVE;
				CLANG_WARN_UNREACHABLE_CODE = YES;
				CLANG_WARN__DUPLICATE_METHOD_MATCH = YES;
				COPY_PHASE_STRIP = NO;
				DEBUG_INFORMATION_FORMAT = dwarf;
				ENABLE_STRICT_OBJC_MSGSEND = YES;
				ENABLE_TESTABILITY = YES;
				ENABLE_USER_SCRIPT_SANDBOXING = YES;
				GCC_C_LANGUAGE_STANDARD = gnu17;
				GCC_DYNAMIC_NO_PIC = NO;
				GCC_NO_COMMON_BLOCKS = YES;
				GCC_OPTIMIZATION_LEVEL = 0;
				GCC_PREPROCESSOR_DEFINITIONS = (
					"DEBUG=1",
					"$(inherited)",
				);
				GCC_WARN_64_TO_32_BIT_CONVERSION = YES;
				GCC_WARN_ABOUT_RETURN_TYPE = YES_ERROR;
				GCC_WARN_UNDECLARED_SELECTOR = YES;
				GCC_WARN_UNINITIALIZED_AUTOS = YES_AGGRESSIVE;
				GCC_WARN_UNUSED_FUNCTION = YES;
				GCC_WARN_UNUSED_VARIABLE = YES;
				IPHONEOS_DEPLOYMENT_TARGET = 18.2;
				LOCALIZATION_PREFERS_STRING_CATALOGS = YES;
				MTL_ENABLE_DEBUG_INFO = INCLUDE_SOURCE;
				MTL_FAST_MATH = YES;
				ONLY_ACTIVE_ARCH = YES;
				SDKROOT = iphoneos;
				SWIFT_ACTIVE_COMPILATION_CONDITIONS = "DEBUG $(inherited)";
				SWIFT_OPTIMIZATION_LEVEL = "-Onone";
			};
			name = Debug;
		};
		CE8BB27F2D5AAFA800CEEE18 /* Release */ = {
			isa = XCBuildConfiguration;
			buildSettings = {
				ALWAYS_SEARCH_USER_PATHS = NO;
				ASSETCATALOG_COMPILER_GENERATE_SWIFT_ASSET_SYMBOL_EXTENSIONS = YES;
				CLANG_ANALYZER_NONNULL = YES;
				CLANG_ANALYZER_NUMBER_OBJECT_CONVERSION = YES_AGGRESSIVE;
				CLANG_CXX_LANGUAGE_STANDARD = "gnu++20";
				CLANG_ENABLE_MODULES = YES;
				CLANG_ENABLE_OBJC_ARC = YES;
				CLANG_ENABLE_OBJC_WEAK = YES;
				CLANG_WARN_BLOCK_CAPTURE_AUTORELEASING = YES;
				CLANG_WARN_BOOL_CONVERSION = YES;
				CLANG_WARN_COMMA = YES;
				CLANG_WARN_CONSTANT_CONVERSION = YES;
				CLANG_WARN_DEPRECATED_OBJC_IMPLEMENTATIONS = YES;
				CLANG_WARN_DIRECT_OBJC_ISA_USAGE = YES_ERROR;
				CLANG_WARN_DOCUMENTATION_COMMENTS = YES;
				CLANG_WARN_EMPTY_BODY = YES;
				CLANG_WARN_ENUM_CONVERSION = YES;
				CLANG_WARN_INFINITE_RECURSION = YES;
				CLANG_WARN_INT_CONVERSION = YES;
				CLANG_WARN_NON_LITERAL_NULL_CONVERSION = YES;
				CLANG_WARN_OBJC_IMPLICIT_RETAIN_SELF = YES;
				CLANG_WARN_OBJC_LITERAL_CONVERSION = YES;
				CLANG_WARN_OBJC_ROOT_CLASS = YES_ERROR;
				CLANG_WARN_QUOTED_INCLUDE_IN_FRAMEWORK_HEADER = YES;
				CLANG_WARN_RANGE_LOOP_ANALYSIS = YES;
				CLANG_WARN_STRICT_PROTOTYPES = YES;
				CLANG_WARN_SUSPICIOUS_MOVE = YES;
				CLANG_WARN_UNGUARDED_AVAILABILITY = YES_AGGRESSIVE;
				CLANG_WARN_UNREACHABLE_CODE = YES;
				CLANG_WARN__DUPLICATE_METHOD_MATCH = YES;
				COPY_PHASE_STRIP = NO;
				DEBUG_INFORMATION_FORMAT = "dwarf-with-dsym";
				ENABLE_NS_ASSERTIONS = NO;
				ENABLE_STRICT_OBJC_MSGSEND = YES;
				ENABLE_USER_SCRIPT_SANDBOXING = YES;
				GCC_C_LANGUAGE_STANDARD = gnu17;
				GCC_NO_COMMON_BLOCKS = YES;
				GCC_WARN_64_TO_32_BIT_CONVERSION = YES;
				GCC_WARN_ABOUT_RETURN_TYPE = YES_ERROR;
				GCC_WARN_UNDECLARED_SELECTOR = YES;
				GCC_WARN_UNINITIALIZED_AUTOS = YES_AGGRESSIVE;
				GCC_WARN_UNUSED_FUNCTION = YES;
				GCC_WARN_UNUSED_VARIABLE = YES;
				IPHONEOS_DEPLOYMENT_TARGET = 18.2;
				LOCALIZATION_PREFERS_STRING_CATALOGS = YES;
				MTL_ENABLE_DEBUG_INFO = NO;
				MTL_FAST_MATH = YES;
				SDKROOT = iphoneos;
				SWIFT_COMPILATION_MODE = wholemodule;
				VALIDATE_PRODUCT = YES;
			};
			name = Release;
		};
		CE8BB2812D5AAFA800CEEE18 /* Debug */ = {
			isa = XCBuildConfiguration;
			buildSettings = {
				ASSETCATALOG_COMPILER_APPICON_NAME = AppIcon;
				ASSETCATALOG_COMPILER_GLOBAL_ACCENT_COLOR_NAME = AccentColor;
				CODE_SIGN_STYLE = Automatic;
				CURRENT_PROJECT_VERSION = 1;
				DEVELOPMENT_ASSET_PATHS = "\"TicTacToe_v2/Preview Content\"";
				ENABLE_PREVIEWS = YES;
				GENERATE_INFOPLIST_FILE = YES;
				INFOPLIST_KEY_UIApplicationSceneManifest_Generation = YES;
				INFOPLIST_KEY_UIApplicationSupportsIndirectInputEvents = YES;
				INFOPLIST_KEY_UILaunchScreen_Generation = YES;
				INFOPLIST_KEY_UISupportedInterfaceOrientations = UIInterfaceOrientationPortrait;
				INFOPLIST_KEY_UISupportedInterfaceOrientations_iPad = "UIInterfaceOrientationPortrait UIInterfaceOrientationPortraitUpsideDown";
				LD_RUNPATH_SEARCH_PATHS = (
					"$(inherited)",
					"@executable_path/Frameworks",
				);
				MARKETING_VERSION = 1.0;
				PRODUCT_BUNDLE_IDENTIFIER = "none.TicTacToe-v2";
				PRODUCT_NAME = "$(TARGET_NAME)";
				SWIFT_EMIT_LOC_STRINGS = YES;
				SWIFT_VERSION = 5.0;
				TARGETED_DEVICE_FAMILY = "1,2";
			};
			name = Debug;
		};
		CE8BB2822D5AAFA800CEEE18 /* Release */ = {
			isa = XCBuildConfiguration;
			buildSettings = {
				ASSETCATALOG_COMPILER_APPICON_NAME = AppIcon;
				ASSETCATALOG_COMPILER_GLOBAL_ACCENT_COLOR_NAME = AccentColor;
				CODE_SIGN_STYLE = Automatic;
				CURRENT_PROJECT_VERSION = 1;
				DEVELOPMENT_ASSET_PATHS = "\"TicTacToe_v2/Preview Content\"";
				ENABLE_PREVIEWS = YES;
				GENERATE_INFOPLIST_FILE = YES;
				INFOPLIST_KEY_UIApplicationSceneManifest_Generation = YES;
				INFOPLIST_KEY_UIApplicationSupportsIndirectInputEvents = YES;
				INFOPLIST_KEY_UILaunchScreen_Generation = YES;
				INFOPLIST_KEY_UISupportedInterfaceOrientations = UIInterfaceOrientationPortrait;
				INFOPLIST_KEY_UISupportedInterfaceOrientations_iPad = "UIInterfaceOrientationPortrait UIInterfaceOrientationPortraitUpsideDown";
				LD_RUNPATH_SEARCH_PATHS = (
					"$(inherited)",
					"@executable_path/Frameworks",
				);
				MARKETING_VERSION = 1.0;
				PRODUCT_BUNDLE_IDENTIFIER = "none.TicTacToe-v2";
				PRODUCT_NAME = "$(TARGET_NAME)";
				SWIFT_EMIT_LOC_STRINGS = YES;
				SWIFT_VERSION = 5.0;
				TARGETED_DEVICE_FAMILY = "1,2";
			};
			name = Release;
		};
		CE8BB2842D5AAFA800CEEE18 /* Debug */ = {
			isa = XCBuildConfiguration;
			buildSettings = {
				BUNDLE_LOADER = "$(TEST_HOST)";
				CODE_SIGN_STYLE = Automatic;
				CURRENT_PROJECT_VERSION = 1;
				GENERATE_INFOPLIST_FILE = YES;
				IPHONEOS_DEPLOYMENT_TARGET = 18.2;
				MARKETING_VERSION = 1.0;
				PRODUCT_BUNDLE_IDENTIFIER = "none.TicTacToe-v2Tests";
				PRODUCT_NAME = "$(TARGET_NAME)";
				SWIFT_EMIT_LOC_STRINGS = NO;
				SWIFT_VERSION = 5.0;
				TARGETED_DEVICE_FAMILY = "1,2";
				TEST_HOST = "$(BUILT_PRODUCTS_DIR)/TicTacToe_v2.app/$(BUNDLE_EXECUTABLE_FOLDER_PATH)/TicTacToe_v2";
			};
			name = Debug;
		};
		CE8BB2852D5AAFA800CEEE18 /* Release */ = {
			isa = XCBuildConfiguration;
			buildSettings = {
				BUNDLE_LOADER = "$(TEST_HOST)";
				CODE_SIGN_STYLE = Automatic;
				CURRENT_PROJECT_VERSION = 1;
				GENERATE_INFOPLIST_FILE = YES;
				IPHONEOS_DEPLOYMENT_TARGET = 18.2;
				MARKETING_VERSION = 1.0;
				PRODUCT_BUNDLE_IDENTIFIER = "none.TicTacToe-v2Tests";
				PRODUCT_NAME = "$(TARGET_NAME)";
				SWIFT_EMIT_LOC_STRINGS = NO;
				SWIFT_VERSION = 5.0;
				TARGETED_DEVICE_FAMILY = "1,2";
				TEST_HOST = "$(BUILT_PRODUCTS_DIR)/TicTacToe_v2.app/$(BUNDLE_EXECUTABLE_FOLDER_PATH)/TicTacToe_v2";
			};
			name = Release;
		};
		CE8BB2872D5AAFA800CEEE18 /* Debug */ = {
			isa = XCBuildConfiguration;
			buildSettings = {
				CODE_SIGN_STYLE = Automatic;
				CURRENT_PROJECT_VERSION = 1;
				GENERATE_INFOPLIST_FILE = YES;
				MARKETING_VERSION = 1.0;
				PRODUCT_BUNDLE_IDENTIFIER = "none.TicTacToe-v2UITests";
				PRODUCT_NAME = "$(TARGET_NAME)";
				SWIFT_EMIT_LOC_STRINGS = NO;
				SWIFT_VERSION = 5.0;
				TARGETED_DEVICE_FAMILY = "1,2";
				TEST_TARGET_NAME = TicTacToe_v2;
			};
			name = Debug;
		};
		CE8BB2882D5AAFA800CEEE18 /* Release */ = {
			isa = XCBuildConfiguration;
			buildSettings = {
				CODE_SIGN_STYLE = Automatic;
				CURRENT_PROJECT_VERSION = 1;
				GENERATE_INFOPLIST_FILE = YES;
				MARKETING_VERSION = 1.0;
				PRODUCT_BUNDLE_IDENTIFIER = "none.TicTacToe-v2UITests";
				PRODUCT_NAME = "$(TARGET_NAME)";
				SWIFT_EMIT_LOC_STRINGS = NO;
				SWIFT_VERSION = 5.0;
				TARGETED_DEVICE_FAMILY = "1,2";
				TEST_TARGET_NAME = TicTacToe_v2;
			};
			name = Release;
		};
/* End XCBuildConfiguration section */

/* Begin XCConfigurationList section */
		CE8BB2572D5AAFA600CEEE18 /* Build configuration list for PBXProject "TicTacToe_v2" */ = {
			isa = XCConfigurationList;
			buildConfigurations = (
				CE8BB27E2D5AAFA800CEEE18 /* Debug */,
				CE8BB27F2D5AAFA800CEEE18 /* Release */,
			);
			defaultConfigurationIsVisible = 0;
			defaultConfigurationName = Release;
		};
		CE8BB2802D5AAFA800CEEE18 /* Build configuration list for PBXNativeTarget "TicTacToe_v2" */ = {
			isa = XCConfigurationList;
			buildConfigurations = (
				CE8BB2812D5AAFA800CEEE18 /* Debug */,
				CE8BB2822D5AAFA800CEEE18 /* Release */,
			);
			defaultConfigurationIsVisible = 0;
			defaultConfigurationName = Release;
		};
		CE8BB2832D5AAFA800CEEE18 /* Build configuration list for PBXNativeTarget "TicTacToe_v2Tests" */ = {
			isa = XCConfigurationList;
			buildConfigurations = (
				CE8BB2842D5AAFA800CEEE18 /* Debug */,
				CE8BB2852D5AAFA800CEEE18 /* Release */,
			);
			defaultConfigurationIsVisible = 0;
			defaultConfigurationName = Release;
		};
		CE8BB2862D5AAFA800CEEE18 /* Build configuration list for PBXNativeTarget "TicTacToe_v2UITests" */ = {
			isa = XCConfigurationList;
			buildConfigurations = (
				CE8BB2872D5AAFA800CEEE18 /* Debug */,
				CE8BB2882D5AAFA800CEEE18 /* Release */,
			);
			defaultConfigurationIsVisible = 0;
			defaultConfigurationName = Release;
		};
/* End XCConfigurationList section */
	};
	rootObject = CE8BB2542D5AAFA600CEEE18 /* Project object */;
}
