// !$*UTF8*$!
{
	archiveVersion = 1;
	classes = {
	};
	objectVersion = 77;
	objects = {

/* Begin PBXContainerItemProxy section */
		CE2CEAA82D88CAF300DBCBA4 /* PBXContainerItemProxy */ = {
			isa = PBXContainerItemProxy;
			containerPortal = CE2CEA8F2D88CAF100DBCBA4 /* Project object */;
			proxyType = 1;
			remoteGlobalIDString = CE2CEA962D88CAF100DBCBA4;
			remoteInfo = "Cursor-Demo";
		};
		CE2CEAB22D88CAF300DBCBA4 /* PBXContainerItemProxy */ = {
			isa = PBXContainerItemProxy;
			containerPortal = CE2CEA8F2D88CAF100DBCBA4 /* Project object */;
			proxyType = 1;
			remoteGlobalIDString = CE2CEA962D88CAF100DBCBA4;
			remoteInfo = "Cursor-Demo";
		};
/* End PBXContainerItemProxy section */

/* Begin PBXFileReference section */
		CE2CEA972D88CAF100DBCBA4 /* Cursor-Demo.app */ = {isa = PBXFileReference; explicitFileType = wrapper.application; includeInIndex = 0; path = "Cursor-Demo.app"; sourceTree = BUILT_PRODUCTS_DIR; };
		CE2CEAA72D88CAF300DBCBA4 /* Cursor-DemoTests.xctest */ = {isa = PBXFileReference; explicitFileType = wrapper.cfbundle; includeInIndex = 0; path = "Cursor-DemoTests.xctest"; sourceTree = BUILT_PRODUCTS_DIR; };
		CE2CEAB12D88CAF300DBCBA4 /* Cursor-DemoUITests.xctest */ = {isa = PBXFileReference; explicitFileType = wrapper.cfbundle; includeInIndex = 0; path = "Cursor-DemoUITests.xctest"; sourceTree = BUILT_PRODUCTS_DIR; };
/* End PBXFileReference section */

/* Begin PBXFileSystemSynchronizedRootGroup section */
		CE2CEA992D88CAF100DBCBA4 /* Cursor-Demo */ = {
			isa = PBXFileSystemSynchronizedRootGroup;
			path = "Cursor-Demo";
			sourceTree = "<group>";
		};
		CE2CEAAA2D88CAF300DBCBA4 /* Cursor-DemoTests */ = {
			isa = PBXFileSystemSynchronizedRootGroup;
			path = "Cursor-DemoTests";
			sourceTree = "<group>";
		};
		CE2CEAB42D88CAF300DBCBA4 /* Cursor-DemoUITests */ = {
			isa = PBXFileSystemSynchronizedRootGroup;
			path = "Cursor-DemoUITests";
			sourceTree = "<group>";
		};
/* End PBXFileSystemSynchronizedRootGroup section */

/* Begin PBXFrameworksBuildPhase section */
		CE2CEA942D88CAF100DBCBA4 /* Frameworks */ = {
			isa = PBXFrameworksBuildPhase;
			buildActionMask = 2147483647;
			files = (
			);
			runOnlyForDeploymentPostprocessing = 0;
		};
		CE2CEAA42D88CAF300DBCBA4 /* Frameworks */ = {
			isa = PBXFrameworksBuildPhase;
			buildActionMask = 2147483647;
			files = (
			);
			runOnlyForDeploymentPostprocessing = 0;
		};
		CE2CEAAE2D88CAF300DBCBA4 /* Frameworks */ = {
			isa = PBXFrameworksBuildPhase;
			buildActionMask = 2147483647;
			files = (
			);
			runOnlyForDeploymentPostprocessing = 0;
		};
/* End PBXFrameworksBuildPhase section */

/* Begin PBXGroup section */
		CE2CEA8E2D88CAF100DBCBA4 = {
			isa = PBXGroup;
			children = (
				CE2CEA992D88CAF100DBCBA4 /* Cursor-Demo */,
				CE2CEAAA2D88CAF300DBCBA4 /* Cursor-DemoTests */,
				CE2CEAB42D88CAF300DBCBA4 /* Cursor-DemoUITests */,
				CE2CEA982D88CAF100DBCBA4 /* Products */,
			);
			sourceTree = "<group>";
		};
		CE2CEA982D88CAF100DBCBA4 /* Products */ = {
			isa = PBXGroup;
			children = (
				CE2CEA972D88CAF100DBCBA4 /* Cursor-Demo.app */,
				CE2CEAA72D88CAF300DBCBA4 /* Cursor-DemoTests.xctest */,
				CE2CEAB12D88CAF300DBCBA4 /* Cursor-DemoUITests.xctest */,
			);
			name = Products;
			sourceTree = "<group>";
		};
/* End PBXGroup section */

/* Begin PBXNativeTarget section */
		CE2CEA962D88CAF100DBCBA4 /* Cursor-Demo */ = {
			isa = PBXNativeTarget;
			buildConfigurationList = CE2CEABB2D88CAF300DBCBA4 /* Build configuration list for PBXNativeTarget "Cursor-Demo" */;
			buildPhases = (
				CE2CEA932D88CAF100DBCBA4 /* Sources */,
				CE2CEA942D88CAF100DBCBA4 /* Frameworks */,
				CE2CEA952D88CAF100DBCBA4 /* Resources */,
			);
			buildRules = (
			);
			dependencies = (
			);
			fileSystemSynchronizedGroups = (
				CE2CEA992D88CAF100DBCBA4 /* Cursor-Demo */,
			);
			name = "Cursor-Demo";
			packageProductDependencies = (
			);
			productName = "Cursor-Demo";
			productReference = CE2CEA972D88CAF100DBCBA4 /* Cursor-Demo.app */;
			productType = "com.apple.product-type.application";
		};
		CE2CEAA62D88CAF300DBCBA4 /* Cursor-DemoTests */ = {
			isa = PBXNativeTarget;
			buildConfigurationList = CE2CEABE2D88CAF300DBCBA4 /* Build configuration list for PBXNativeTarget "Cursor-DemoTests" */;
			buildPhases = (
				CE2CEAA32D88CAF300DBCBA4 /* Sources */,
				CE2CEAA42D88CAF300DBCBA4 /* Frameworks */,
				CE2CEAA52D88CAF300DBCBA4 /* Resources */,
			);
			buildRules = (
			);
			dependencies = (
				CE2CEAA92D88CAF300DBCBA4 /* PBXTargetDependency */,
			);
			fileSystemSynchronizedGroups = (
				CE2CEAAA2D88CAF300DBCBA4 /* Cursor-DemoTests */,
			);
			name = "Cursor-DemoTests";
			packageProductDependencies = (
			);
			productName = "Cursor-DemoTests";
			productReference = CE2CEAA72D88CAF300DBCBA4 /* Cursor-DemoTests.xctest */;
			productType = "com.apple.product-type.bundle.unit-test";
		};
		CE2CEAB02D88CAF300DBCBA4 /* Cursor-DemoUITests */ = {
			isa = PBXNativeTarget;
			buildConfigurationList = CE2CEAC12D88CAF300DBCBA4 /* Build configuration list for PBXNativeTarget "Cursor-DemoUITests" */;
			buildPhases = (
				CE2CEAAD2D88CAF300DBCBA4 /* Sources */,
				CE2CEAAE2D88CAF300DBCBA4 /* Frameworks */,
				CE2CEAAF2D88CAF300DBCBA4 /* Resources */,
			);
			buildRules = (
			);
			dependencies = (
				CE2CEAB32D88CAF300DBCBA4 /* PBXTargetDependency */,
			);
			fileSystemSynchronizedGroups = (
				CE2CEAB42D88CAF300DBCBA4 /* Cursor-DemoUITests */,
			);
			name = "Cursor-DemoUITests";
			packageProductDependencies = (
			);
			productName = "Cursor-DemoUITests";
			productReference = CE2CEAB12D88CAF300DBCBA4 /* Cursor-DemoUITests.xctest */;
			productType = "com.apple.product-type.bundle.ui-testing";
		};
/* End PBXNativeTarget section */

/* Begin PBXProject section */
		CE2CEA8F2D88CAF100DBCBA4 /* Project object */ = {
			isa = PBXProject;
			attributes = {
				BuildIndependentTargetsInParallel = 1;
				LastSwiftUpdateCheck = 1620;
				LastUpgradeCheck = 1620;
				TargetAttributes = {
					CE2CEA962D88CAF100DBCBA4 = {
						CreatedOnToolsVersion = 16.2;
					};
					CE2CEAA62D88CAF300DBCBA4 = {
						CreatedOnToolsVersion = 16.2;
						TestTargetID = CE2CEA962D88CAF100DBCBA4;
					};
					CE2CEAB02D88CAF300DBCBA4 = {
						CreatedOnToolsVersion = 16.2;
						TestTargetID = CE2CEA962D88CAF100DBCBA4;
					};
				};
			};
			buildConfigurationList = CE2CEA922D88CAF100DBCBA4 /* Build configuration list for PBXProject "Cursor-Demo" */;
			developmentRegion = en;
			hasScannedForEncodings = 0;
			knownRegions = (
				en,
				Base,
			);
			mainGroup = CE2CEA8E2D88CAF100DBCBA4;
			minimizedProjectReferenceProxies = 1;
			preferredProjectObjectVersion = 77;
			productRefGroup = CE2CEA982D88CAF100DBCBA4 /* Products */;
			projectDirPath = "";
			projectRoot = "";
			targets = (
				CE2CEA962D88CAF100DBCBA4 /* Cursor-Demo */,
				CE2CEAA62D88CAF300DBCBA4 /* Cursor-DemoTests */,
				CE2CEAB02D88CAF300DBCBA4 /* Cursor-DemoUITests */,
			);
		};
/* End PBXProject section */

/* Begin PBXResourcesBuildPhase section */
		CE2CEA952D88CAF100DBCBA4 /* Resources */ = {
			isa = PBXResourcesBuildPhase;
			buildActionMask = 2147483647;
			files = (
			);
			runOnlyForDeploymentPostprocessing = 0;
		};
		CE2CEAA52D88CAF300DBCBA4 /* Resources */ = {
			isa = PBXResourcesBuildPhase;
			buildActionMask = 2147483647;
			files = (
			);
			runOnlyForDeploymentPostprocessing = 0;
		};
		CE2CEAAF2D88CAF300DBCBA4 /* Resources */ = {
			isa = PBXResourcesBuildPhase;
			buildActionMask = 2147483647;
			files = (
			);
			runOnlyForDeploymentPostprocessing = 0;
		};
/* End PBXResourcesBuildPhase section */

/* Begin PBXSourcesBuildPhase section */
		CE2CEA932D88CAF100DBCBA4 /* Sources */ = {
			isa = PBXSourcesBuildPhase;
			buildActionMask = 2147483647;
			files = (
			);
			runOnlyForDeploymentPostprocessing = 0;
		};
		CE2CEAA32D88CAF300DBCBA4 /* Sources */ = {
			isa = PBXSourcesBuildPhase;
			buildActionMask = 2147483647;
			files = (
			);
			runOnlyForDeploymentPostprocessing = 0;
		};
		CE2CEAAD2D88CAF300DBCBA4 /* Sources */ = {
			isa = PBXSourcesBuildPhase;
			buildActionMask = 2147483647;
			files = (
			);
			runOnlyForDeploymentPostprocessing = 0;
		};
/* End PBXSourcesBuildPhase section */

/* Begin PBXTargetDependency section */
		CE2CEAA92D88CAF300DBCBA4 /* PBXTargetDependency */ = {
			isa = PBXTargetDependency;
			target = CE2CEA962D88CAF100DBCBA4 /* Cursor-Demo */;
			targetProxy = CE2CEAA82D88CAF300DBCBA4 /* PBXContainerItemProxy */;
		};
		CE2CEAB32D88CAF300DBCBA4 /* PBXTargetDependency */ = {
			isa = PBXTargetDependency;
			target = CE2CEA962D88CAF100DBCBA4 /* Cursor-Demo */;
			targetProxy = CE2CEAB22D88CAF300DBCBA4 /* PBXContainerItemProxy */;
		};
/* End PBXTargetDependency section */

/* Begin XCBuildConfiguration section */
		CE2CEAB92D88CAF300DBCBA4 /* Debug */ = {
			isa = XCBuildConfiguration;
			buildSettings = {
				ALWAYS_SEARCH_USER_PATHS = NO;
				ASSETCATALOG_COMPILER_GENERATE_SWIFT_ASSET_SYMBOL_EXTENSIONS = YES;
				CLANG_ANALYZER_NONNULL = YES;
				CLANG_ANALYZER_NUMBER_OBJECT_CONVERSION = YES_AGGRESSIVE;
				CLANG_CXX_LANGUAGE_STANDARD = "gnu++20";
				CLANG_ENABLE_MODULES = YES;
				CLANG_ENABLE_OBJC_ARC = YES;
				CLANG_ENABLE_OBJC_WEAK = YES;
				CLANG_WARN_BLOCK_CAPTURE_AUTORELEASING = YES;
				CLANG_WARN_BOOL_CONVERSION = YES;
				CLANG_WARN_COMMA = YES;
				CLANG_WARN_CONSTANT_CONVERSION = YES;
				CLANG_WARN_DEPRECATED_OBJC_IMPLEMENTATIONS = YES;
				CLANG_WARN_DIRECT_OBJC_ISA_USAGE = YES_ERROR;
				CLANG_WARN_DOCUMENTATION_COMMENTS = YES;
				CLANG_WARN_EMPTY_BODY = YES;
				CLANG_WARN_ENUM_CONVERSION = YES;
				CLANG_WARN_INFINITE_RECURSION = YES;
				CLANG_WARN_INT_CONVERSION = YES;
				CLANG_WARN_NON_LITERAL_NULL_CONVERSION = YES;
				CLANG_WARN_OBJC_IMPLICIT_RETAIN_SELF = YES;
				CLANG_WARN_OBJC_LITERAL_CONVERSION = YES;
				CLANG_WARN_OBJC_ROOT_CLASS = YES_ERROR;
				CLANG_WARN_QUOTED_INCLUDE_IN_FRAMEWORK_HEADER = YES;
				CLANG_WARN_RANGE_LOOP_ANALYSIS = YES;
				CLANG_WARN_STRICT_PROTOTYPES = YES;
				CLANG_WARN_SUSPICIOUS_MOVE = YES;
				CLANG_WARN_UNGUARDED_AVAILABILITY = YES_AGGRESSIVE;
				CLANG_WARN_UNREACHABLE_CODE = YES;
				CLANG_WARN__DUPLICATE_METHOD_MATCH = YES;
				COPY_PHASE_STRIP = NO;
				DEBUG_INFORMATION_FORMAT = dwarf;
				ENABLE_STRICT_OBJC_MSGSEND = YES;
				ENABLE_TESTABILITY = YES;
				ENABLE_USER_SCRIPT_SANDBOXING = YES;
				GCC_C_LANGUAGE_STANDARD = gnu17;
				GCC_DYNAMIC_NO_PIC = NO;
				GCC_NO_COMMON_BLOCKS = YES;
				GCC_OPTIMIZATION_LEVEL = 0;
				GCC_PREPROCESSOR_DEFINITIONS = (
					"DEBUG=1",
					"$(inherited)",
				);
				GCC_WARN_64_TO_32_BIT_CONVERSION = YES;
				GCC_WARN_ABOUT_RETURN_TYPE = YES_ERROR;
				GCC_WARN_UNDECLARED_SELECTOR = YES;
				GCC_WARN_UNINITIALIZED_AUTOS = YES_AGGRESSIVE;
				GCC_WARN_UNUSED_FUNCTION = YES;
				GCC_WARN_UNUSED_VARIABLE = YES;
				IPHONEOS_DEPLOYMENT_TARGET = 18.2;
				LOCALIZATION_PREFERS_STRING_CATALOGS = YES;
				MTL_ENABLE_DEBUG_INFO = INCLUDE_SOURCE;
				MTL_FAST_MATH = YES;
				ONLY_ACTIVE_ARCH = YES;
				SDKROOT = iphoneos;
				SWIFT_ACTIVE_COMPILATION_CONDITIONS = "DEBUG $(inherited)";
				SWIFT_OPTIMIZATION_LEVEL = "-Onone";
			};
			name = Debug;
		};
		CE2CEABA2D88CAF300DBCBA4 /* Release */ = {
			isa = XCBuildConfiguration;
			buildSettings = {
				ALWAYS_SEARCH_USER_PATHS = NO;
				ASSETCATALOG_COMPILER_GENERATE_SWIFT_ASSET_SYMBOL_EXTENSIONS = YES;
				CLANG_ANALYZER_NONNULL = YES;
				CLANG_ANALYZER_NUMBER_OBJECT_CONVERSION = YES_AGGRESSIVE;
				CLANG_CXX_LANGUAGE_STANDARD = "gnu++20";
				CLANG_ENABLE_MODULES = YES;
				CLANG_ENABLE_OBJC_ARC = YES;
				CLANG_ENABLE_OBJC_WEAK = YES;
				CLANG_WARN_BLOCK_CAPTURE_AUTORELEASING = YES;
				CLANG_WARN_BOOL_CONVERSION = YES;
				CLANG_WARN_COMMA = YES;
				CLANG_WARN_CONSTANT_CONVERSION = YES;
				CLANG_WARN_DEPRECATED_OBJC_IMPLEMENTATIONS = YES;
				CLANG_WARN_DIRECT_OBJC_ISA_USAGE = YES_ERROR;
				CLANG_WARN_DOCUMENTATION_COMMENTS = YES;
				CLANG_WARN_EMPTY_BODY = YES;
				CLANG_WARN_ENUM_CONVERSION = YES;
				CLANG_WARN_INFINITE_RECURSION = YES;
				CLANG_WARN_INT_CONVERSION = YES;
				CLANG_WARN_NON_LITERAL_NULL_CONVERSION = YES;
				CLANG_WARN_OBJC_IMPLICIT_RETAIN_SELF = YES;
				CLANG_WARN_OBJC_LITERAL_CONVERSION = YES;
				CLANG_WARN_OBJC_ROOT_CLASS = YES_ERROR;
				CLANG_WARN_QUOTED_INCLUDE_IN_FRAMEWORK_HEADER = YES;
				CLANG_WARN_RANGE_LOOP_ANALYSIS = YES;
				CLANG_WARN_STRICT_PROTOTYPES = YES;
				CLANG_WARN_SUSPICIOUS_MOVE = YES;
				CLANG_WARN_UNGUARDED_AVAILABILITY = YES_AGGRESSIVE;
				CLANG_WARN_UNREACHABLE_CODE = YES;
				CLANG_WARN__DUPLICATE_METHOD_MATCH = YES;
				COPY_PHASE_STRIP = NO;
				DEBUG_INFORMATION_FORMAT = "dwarf-with-dsym";
				ENABLE_NS_ASSERTIONS = NO;
				ENABLE_STRICT_OBJC_MSGSEND = YES;
				ENABLE_USER_SCRIPT_SANDBOXING = YES;
				GCC_C_LANGUAGE_STANDARD = gnu17;
				GCC_NO_COMMON_BLOCKS = YES;
				GCC_WARN_64_TO_32_BIT_CONVERSION = YES;
				GCC_WARN_ABOUT_RETURN_TYPE = YES_ERROR;
				GCC_WARN_UNDECLARED_SELECTOR = YES;
				GCC_WARN_UNINITIALIZED_AUTOS = YES_AGGRESSIVE;
				GCC_WARN_UNUSED_FUNCTION = YES;
				GCC_WARN_UNUSED_VARIABLE = YES;
				IPHONEOS_DEPLOYMENT_TARGET = 18.2;
				LOCALIZATION_PREFERS_STRING_CATALOGS = YES;
				MTL_ENABLE_DEBUG_INFO = NO;
				MTL_FAST_MATH = YES;
				SDKROOT = iphoneos;
				SWIFT_COMPILATION_MODE = wholemodule;
				VALIDATE_PRODUCT = YES;
			};
			name = Release;
		};
		CE2CEABC2D88CAF300DBCBA4 /* Debug */ = {
			isa = XCBuildConfiguration;
			buildSettings = {
				ASSETCATALOG_COMPILER_APPICON_NAME = AppIcon;
				ASSETCATALOG_COMPILER_GLOBAL_ACCENT_COLOR_NAME = AccentColor;
				CODE_SIGN_STYLE = Automatic;
				CURRENT_PROJECT_VERSION = 1;
				DEVELOPMENT_ASSET_PATHS = "\"Cursor-Demo/Preview Content\"";
				ENABLE_PREVIEWS = YES;
				GENERATE_INFOPLIST_FILE = YES;
				INFOPLIST_KEY_UIApplicationSceneManifest_Generation = YES;
				INFOPLIST_KEY_UIApplicationSupportsIndirectInputEvents = YES;
				INFOPLIST_KEY_UILaunchScreen_Generation = YES;
				INFOPLIST_KEY_UISupportedInterfaceOrientations_iPad = "UIInterfaceOrientationPortrait UIInterfaceOrientationPortraitUpsideDown UIInterfaceOrientationLandscapeLeft UIInterfaceOrientationLandscapeRight";
				INFOPLIST_KEY_UISupportedInterfaceOrientations_iPhone = "UIInterfaceOrientationPortrait UIInterfaceOrientationLandscapeLeft UIInterfaceOrientationLandscapeRight";
				LD_RUNPATH_SEARCH_PATHS = (
					"$(inherited)",
					"@executable_path/Frameworks",
				);
				MARKETING_VERSION = 1.0;
				PRODUCT_BUNDLE_IDENTIFIER = "none.Cursor-Demo";
				PRODUCT_NAME = "$(TARGET_NAME)";
				SWIFT_EMIT_LOC_STRINGS = YES;
				SWIFT_VERSION = 5.0;
				TARGETED_DEVICE_FAMILY = "1,2";
			};
			name = Debug;
		};
		CE2CEABD2D88CAF300DBCBA4 /* Release */ = {
			isa = XCBuildConfiguration;
			buildSettings = {
				ASSETCATALOG_COMPILER_APPICON_NAME = AppIcon;
				ASSETCATALOG_COMPILER_GLOBAL_ACCENT_COLOR_NAME = AccentColor;
				CODE_SIGN_STYLE = Automatic;
				CURRENT_PROJECT_VERSION = 1;
				DEVELOPMENT_ASSET_PATHS = "\"Cursor-Demo/Preview Content\"";
				ENABLE_PREVIEWS = YES;
				GENERATE_INFOPLIST_FILE = YES;
				INFOPLIST_KEY_UIApplicationSceneManifest_Generation = YES;
				INFOPLIST_KEY_UIApplicationSupportsIndirectInputEvents = YES;
				INFOPLIST_KEY_UILaunchScreen_Generation = YES;
				INFOPLIST_KEY_UISupportedInterfaceOrientations_iPad = "UIInterfaceOrientationPortrait UIInterfaceOrientationPortraitUpsideDown UIInterfaceOrientationLandscapeLeft UIInterfaceOrientationLandscapeRight";
				INFOPLIST_KEY_UISupportedInterfaceOrientations_iPhone = "UIInterfaceOrientationPortrait UIInterfaceOrientationLandscapeLeft UIInterfaceOrientationLandscapeRight";
				LD_RUNPATH_SEARCH_PATHS = (
					"$(inherited)",
					"@executable_path/Frameworks",
				);
				MARKETING_VERSION = 1.0;
				PRODUCT_BUNDLE_IDENTIFIER = "none.Cursor-Demo";
				PRODUCT_NAME = "$(TARGET_NAME)";
				SWIFT_EMIT_LOC_STRINGS = YES;
				SWIFT_VERSION = 5.0;
				TARGETED_DEVICE_FAMILY = "1,2";
			};
			name = Release;
		};
		CE2CEABF2D88CAF300DBCBA4 /* Debug */ = {
			isa = XCBuildConfiguration;
			buildSettings = {
				BUNDLE_LOADER = "$(TEST_HOST)";
				CODE_SIGN_STYLE = Automatic;
				CURRENT_PROJECT_VERSION = 1;
				GENERATE_INFOPLIST_FILE = YES;
				IPHONEOS_DEPLOYMENT_TARGET = 18.2;
				MARKETING_VERSION = 1.0;
				PRODUCT_BUNDLE_IDENTIFIER = "none.Cursor-DemoTests";
				PRODUCT_NAME = "$(TARGET_NAME)";
				SWIFT_EMIT_LOC_STRINGS = NO;
				SWIFT_VERSION = 5.0;
				TARGETED_DEVICE_FAMILY = "1,2";
				TEST_HOST = "$(BUILT_PRODUCTS_DIR)/Cursor-Demo.app/$(BUNDLE_EXECUTABLE_FOLDER_PATH)/Cursor-Demo";
			};
			name = Debug;
		};
		CE2CEAC02D88CAF300DBCBA4 /* Release */ = {
			isa = XCBuildConfiguration;
			buildSettings = {
				BUNDLE_LOADER = "$(TEST_HOST)";
				CODE_SIGN_STYLE = Automatic;
				CURRENT_PROJECT_VERSION = 1;
				GENERATE_INFOPLIST_FILE = YES;
				IPHONEOS_DEPLOYMENT_TARGET = 18.2;
				MARKETING_VERSION = 1.0;
				PRODUCT_BUNDLE_IDENTIFIER = "none.Cursor-DemoTests";
				PRODUCT_NAME = "$(TARGET_NAME)";
				SWIFT_EMIT_LOC_STRINGS = NO;
				SWIFT_VERSION = 5.0;
				TARGETED_DEVICE_FAMILY = "1,2";
				TEST_HOST = "$(BUILT_PRODUCTS_DIR)/Cursor-Demo.app/$(BUNDLE_EXECUTABLE_FOLDER_PATH)/Cursor-Demo";
			};
			name = Release;
		};
		CE2CEAC22D88CAF300DBCBA4 /* Debug */ = {
			isa = XCBuildConfiguration;
			buildSettings = {
				CODE_SIGN_STYLE = Automatic;
				CURRENT_PROJECT_VERSION = 1;
				GENERATE_INFOPLIST_FILE = YES;
				MARKETING_VERSION = 1.0;
				PRODUCT_BUNDLE_IDENTIFIER = "none.Cursor-DemoUITests";
				PRODUCT_NAME = "$(TARGET_NAME)";
				SWIFT_EMIT_LOC_STRINGS = NO;
				SWIFT_VERSION = 5.0;
				TARGETED_DEVICE_FAMILY = "1,2";
				TEST_TARGET_NAME = "Cursor-Demo";
			};
			name = Debug;
		};
		CE2CEAC32D88CAF300DBCBA4 /* Release */ = {
			isa = XCBuildConfiguration;
			buildSettings = {
				CODE_SIGN_STYLE = Automatic;
				CURRENT_PROJECT_VERSION = 1;
				GENERATE_INFOPLIST_FILE = YES;
				MARKETING_VERSION = 1.0;
				PRODUCT_BUNDLE_IDENTIFIER = "none.Cursor-DemoUITests";
				PRODUCT_NAME = "$(TARGET_NAME)";
				SWIFT_EMIT_LOC_STRINGS = NO;
				SWIFT_VERSION = 5.0;
				TARGETED_DEVICE_FAMILY = "1,2";
				TEST_TARGET_NAME = "Cursor-Demo";
			};
			name = Release;
		};
/* End XCBuildConfiguration section */

/* Begin XCConfigurationList section */
		CE2CEA922D88CAF100DBCBA4 /* Build configuration list for PBXProject "Cursor-Demo" */ = {
			isa = XCConfigurationList;
			buildConfigurations = (
				CE2CEAB92D88CAF300DBCBA4 /* Debug */,
				CE2CEABA2D88CAF300DBCBA4 /* Release */,
			);
			defaultConfigurationIsVisible = 0;
			defaultConfigurationName = Release;
		};
		CE2CEABB2D88CAF300DBCBA4 /* Build configuration list for PBXNativeTarget "Cursor-Demo" */ = {
			isa = XCConfigurationList;
			buildConfigurations = (
				CE2CEABC2D88CAF300DBCBA4 /* Debug */,
				CE2CEABD2D88CAF300DBCBA4 /* Release */,
			);
			defaultConfigurationIsVisible = 0;
			defaultConfigurationName = Release;
		};
		CE2CEABE2D88CAF300DBCBA4 /* Build configuration list for PBXNativeTarget "Cursor-DemoTests" */ = {
			isa = XCConfigurationList;
			buildConfigurations = (
				CE2CEABF2D88CAF300DBCBA4 /* Debug */,
				CE2CEAC02D88CAF300DBCBA4 /* Release */,
			);
			defaultConfigurationIsVisible = 0;
			defaultConfigurationName = Release;
		};
		CE2CEAC12D88CAF300DBCBA4 /* Build configuration list for PBXNativeTarget "Cursor-DemoUITests" */ = {
			isa = XCConfigurationList;
			buildConfigurations = (
				CE2CEAC22D88CAF300DBCBA4 /* Debug */,
				CE2CEAC32D88CAF300DBCBA4 /* Release */,
			);
			defaultConfigurationIsVisible = 0;
			defaultConfigurationName = Release;
		};
/* End XCConfigurationList section */
	};
	rootObject = CE2CEA8F2D88CAF100DBCBA4 /* Project object */;
}
